
Microsoft Visual Studio Solution File, Format Version 12.00
# Visual Studio Version 17
VisualStudioVersion = 17.3.32825.248
MinimumVisualStudioVersion = 10.0.40219.1
Project("{FAE04EC0-301F-11D3-BF4B-00C04F79EFBC}") = "DelegatesTest", "DelegatesTest.csproj", "{95477A73-BD0B-4639-9506-D9BC66DDAEC7}"
EndProject
Global
	GlobalSection(SolutionConfigurationPlatforms) = preSolution
		Debug|Any CPU = Debug|Any CPU
		Release|Any CPU = Release|Any CPU
	EndGlobalSection
	GlobalSection(ProjectConfigurationPlatforms) = postSolution
		{95477A73-BD0B-4639-9506-D9BC66DDAEC7}.Debug|Any CPU.ActiveCfg = Debug|Any CPU
		{95477A73-BD0B-4639-9506-D9BC66DDAEC7}.Debug|Any CPU.Build.0 = Debug|Any CPU
		{95477A73-BD0B-4639-9506-D9BC66DDAEC7}.Release|Any CPU.ActiveCfg = Release|Any CPU
		{95477A73-BD0B-4639-9506-D9BC66DDAEC7}.Release|Any CPU.Build.0 = Release|Any CPU
	EndGlobalSection
	GlobalSection(SolutionProperties) = preSolution
		HideSolutionNode = FALSE
	EndGlobalSection
	GlobalSection(ExtensibilityGlobals) = postSolution
		SolutionGuid = {90742BFC-1084-40EB-BDBD-6A92C07661E6}
	EndGlobalSection
EndGlobal
